
Microsoft Visual Studio Solution File, Format Version 12.00
# Visual Studio Version 17
VisualStudioVersion = 17.14.36414.22
MinimumVisualStudioVersion = 10.0.40219.1
Project("{FAE04EC0-301F-11D3-BF4B-00C04F79EFBC}") = "Api", "src\Api\Api.csproj", "{CBAFC0F9-5B69-AE5B-776E-B650E010DF04}"
EndProject
Project("{FAE04EC0-301F-11D3-BF4B-00C04F79EFBC}") = "AppHost", "src\AppHost\AppHost.csproj", "{6DBA58B9-2F65-B838-2AD4-BE02F102D19B}"
EndProject
Project("{FAE04EC0-301F-11D3-BF4B-00C04F79EFBC}") = "ServiceDefaults", "src\ServiceDefaults\ServiceDefaults.csproj", "{E19AC4F2-1312-96B8-545C-AAED218D7C67}"
EndProject
Project("{2150E333-8FDC-42A3-9474-1A3956D46DE8}") = "Aspire", "Aspire", "{02EA681E-C7D8-13C7-8484-4AC65E1B71E8}"
EndProject
Project("{FAE04EC0-301F-11D3-BF4B-00C04F79EFBC}") = "Application", "src\Application\Application.csproj", "{5BDAB160-5258-45DA-1CDF-4BFCF367E785}"
EndProject
Project("{FAE04EC0-301F-11D3-BF4B-00C04F79EFBC}") = "Domain", "src\Domain\Domain.csproj", "{87EDA1D2-4B5B-E524-38CE-D0BFCA5F4D6B}"
EndProject
Project("{FAE04EC0-301F-11D3-BF4B-00C04F79EFBC}") = "Infrastructure", "src\Infrastructure\Infrastructure.csproj", "{3D745DFE-AF9A-E111-755D-FD3FFF280728}"
EndProject
Project("{FAE04EC0-301F-11D3-BF4B-00C04F79EFBC}") = "Domain.Tests", "src\Domain.Tests\Domain.Tests.csproj", "{58541C8B-43F8-81D3-0BA3-2D7EA25B028F}"
EndProject
Project("{FAE04EC0-301F-11D3-BF4B-00C04F79EFBC}") = "Api.Hub", "src\Api.Hub\Api.Hub.csproj", "{710FC96B-907E-1355-D8E3-F7DA9F91C1CB}"
EndProject
Project("{FAE04EC0-301F-11D3-BF4B-00C04F79EFBC}") = "Infrastructure.Agents", "src\Infrastructure.Agents\Infrastructure.Agents.csproj", "{49C6F534-3F91-4489-944D-4F66B20B7F0E}"
EndProject
Project("{FAE04EC0-301F-11D3-BF4B-00C04F79EFBC}") = "Agents.Conversation", "src\Agents.Conversation\Agents.Conversation.csproj", "{9BDAA6FA-F67B-9634-F606-858377F73962}"
EndProject
Global
	GlobalSection(SolutionConfigurationPlatforms) = preSolution
		Debug|Any CPU = Debug|Any CPU
		Release|Any CPU = Release|Any CPU
	EndGlobalSection
	GlobalSection(ProjectConfigurationPlatforms) = postSolution
		{CBAFC0F9-5B69-AE5B-776E-B650E010DF04}.Debug|Any CPU.ActiveCfg = Debug|Any CPU
		{CBAFC0F9-5B69-AE5B-776E-B650E010DF04}.Debug|Any CPU.Build.0 = Debug|Any CPU
		{CBAFC0F9-5B69-AE5B-776E-B650E010DF04}.Release|Any CPU.ActiveCfg = Release|Any CPU
		{CBAFC0F9-5B69-AE5B-776E-B650E010DF04}.Release|Any CPU.Build.0 = Release|Any CPU
		{6DBA58B9-2F65-B838-2AD4-BE02F102D19B}.Debug|Any CPU.ActiveCfg = Debug|Any CPU
		{6DBA58B9-2F65-B838-2AD4-BE02F102D19B}.Debug|Any CPU.Build.0 = Debug|Any CPU
		{6DBA58B9-2F65-B838-2AD4-BE02F102D19B}.Release|Any CPU.ActiveCfg = Release|Any CPU
		{6DBA58B9-2F65-B838-2AD4-BE02F102D19B}.Release|Any CPU.Build.0 = Release|Any CPU
		{E19AC4F2-1312-96B8-545C-AAED218D7C67}.Debug|Any CPU.ActiveCfg = Debug|Any CPU
		{E19AC4F2-1312-96B8-545C-AAED218D7C67}.Debug|Any CPU.Build.0 = Debug|Any CPU
		{E19AC4F2-1312-96B8-545C-AAED218D7C67}.Release|Any CPU.ActiveCfg = Release|Any CPU
		{E19AC4F2-1312-96B8-545C-AAED218D7C67}.Release|Any CPU.Build.0 = Release|Any CPU
		{5BDAB160-5258-45DA-1CDF-4BFCF367E785}.Debug|Any CPU.ActiveCfg = Debug|Any CPU
		{5BDAB160-5258-45DA-1CDF-4BFCF367E785}.Debug|Any CPU.Build.0 = Debug|Any CPU
		{5BDAB160-5258-45DA-1CDF-4BFCF367E785}.Release|Any CPU.ActiveCfg = Release|Any CPU
		{5BDAB160-5258-45DA-1CDF-4BFCF367E785}.Release|Any CPU.Build.0 = Release|Any CPU
		{87EDA1D2-4B5B-E524-38CE-D0BFCA5F4D6B}.Debug|Any CPU.ActiveCfg = Debug|Any CPU
		{87EDA1D2-4B5B-E524-38CE-D0BFCA5F4D6B}.Debug|Any CPU.Build.0 = Debug|Any CPU
		{87EDA1D2-4B5B-E524-38CE-D0BFCA5F4D6B}.Release|Any CPU.ActiveCfg = Release|Any CPU
		{87EDA1D2-4B5B-E524-38CE-D0BFCA5F4D6B}.Release|Any CPU.Build.0 = Release|Any CPU
		{3D745DFE-AF9A-E111-755D-FD3FFF280728}.Debug|Any CPU.ActiveCfg = Debug|Any CPU
		{3D745DFE-AF9A-E111-755D-FD3FFF280728}.Debug|Any CPU.Build.0 = Debug|Any CPU
		{3D745DFE-AF9A-E111-755D-FD3FFF280728}.Release|Any CPU.ActiveCfg = Release|Any CPU
		{3D745DFE-AF9A-E111-755D-FD3FFF280728}.Release|Any CPU.Build.0 = Release|Any CPU
		{58541C8B-43F8-81D3-0BA3-2D7EA25B028F}.Debug|Any CPU.ActiveCfg = Debug|Any CPU
		{58541C8B-43F8-81D3-0BA3-2D7EA25B028F}.Debug|Any CPU.Build.0 = Debug|Any CPU
		{58541C8B-43F8-81D3-0BA3-2D7EA25B028F}.Release|Any CPU.ActiveCfg = Release|Any CPU
		{58541C8B-43F8-81D3-0BA3-2D7EA25B028F}.Release|Any CPU.Build.0 = Release|Any CPU
		{710FC96B-907E-1355-D8E3-F7DA9F91C1CB}.Debug|Any CPU.ActiveCfg = Debug|Any CPU
		{710FC96B-907E-1355-D8E3-F7DA9F91C1CB}.Debug|Any CPU.Build.0 = Debug|Any CPU
		{710FC96B-907E-1355-D8E3-F7DA9F91C1CB}.Release|Any CPU.ActiveCfg = Release|Any CPU
		{710FC96B-907E-1355-D8E3-F7DA9F91C1CB}.Release|Any CPU.Build.0 = Release|Any CPU
		{49C6F534-3F91-4489-944D-4F66B20B7F0E}.Debug|Any CPU.ActiveCfg = Debug|Any CPU
		{49C6F534-3F91-4489-944D-4F66B20B7F0E}.Debug|Any CPU.Build.0 = Debug|Any CPU
		{49C6F534-3F91-4489-944D-4F66B20B7F0E}.Release|Any CPU.ActiveCfg = Release|Any CPU
		{49C6F534-3F91-4489-944D-4F66B20B7F0E}.Release|Any CPU.Build.0 = Release|Any CPU
		{9BDAA6FA-F67B-9634-F606-858377F73962}.Debug|Any CPU.ActiveCfg = Debug|Any CPU
		{9BDAA6FA-F67B-9634-F606-858377F73962}.Debug|Any CPU.Build.0 = Debug|Any CPU
		{9BDAA6FA-F67B-9634-F606-858377F73962}.Release|Any CPU.ActiveCfg = Release|Any CPU
		{9BDAA6FA-F67B-9634-F606-858377F73962}.Release|Any CPU.Build.0 = Release|Any CPU
	EndGlobalSection
	GlobalSection(SolutionProperties) = preSolution
		HideSolutionNode = FALSE
	EndGlobalSection
	GlobalSection(NestedProjects) = preSolution
		{6DBA58B9-2F65-B838-2AD4-BE02F102D19B} = {02EA681E-C7D8-13C7-8484-4AC65E1B71E8}
		{E19AC4F2-1312-96B8-545C-AAED218D7C67} = {02EA681E-C7D8-13C7-8484-4AC65E1B71E8}
	EndGlobalSection
	GlobalSection(ExtensibilityGlobals) = postSolution
		SolutionGuid = {404CB6D0-FA46-4E08-8669-F308EF82FEB6}
	EndGlobalSection
EndGlobal
